
Microsoft Visual Studio Solution File, Format Version 12.00
# Visual Studio 15
VisualStudioVersion = 15.0.28307.1000
MinimumVisualStudioVersion = 10.0.40219.1
Project("{FAE04EC0-301F-11D3-BF4B-00C04F79EFBC}") = "WebApi.React.AI", "WebApi.React.AI\WebApi.React.AI.csproj", "{F1035238-34F1-4609-8496-E8041A16F427}"
EndProject
Global
	GlobalSection(SolutionConfigurationPlatforms) = preSolution
		Debug|Any CPU = Debug|Any CPU
		Release|Any CPU = Release|Any CPU
	EndGlobalSection
	GlobalSection(ProjectConfigurationPlatforms) = postSolution
		{F1035238-34F1-4609-8496-E8041A16F427}.Debug|Any CPU.ActiveCfg = Debug|Any CPU
		{F1035238-34F1-4609-8496-E8041A16F427}.Debug|Any CPU.Build.0 = Debug|Any CPU
		{F1035238-34F1-4609-8496-E8041A16F427}.Release|Any CPU.ActiveCfg = Release|Any CPU
		{F1035238-34F1-4609-8496-E8041A16F427}.Release|Any CPU.Build.0 = Release|Any CPU
	EndGlobalSection
	GlobalSection(SolutionProperties) = preSolution
		HideSolutionNode = FALSE
	EndGlobalSection
	GlobalSection(ExtensibilityGlobals) = postSolution
		SolutionGuid = {284D1CE5-EA3B-422D-8A16-C4E7891FAB2C}
	EndGlobalSection
EndGlobal
